PODS:
  - Alamofire (4.9.1)
  - KDCalendar (1.8.9):
    - KDCalendar/EventManager (= 1.8.9)
  - KDCalendar/EventManager (1.8.9)
  - Locksmith (4.0.0)
  - SwiftyJSON (5.0.0)

DEPENDENCIES:
  - Alamofire
  - KDCalendar
  - Locksmith
  - SwiftyJSON

SPEC REPOS:
  trunk:
    - Alamofire
    - KDCalendar
    - Locksmith
    - SwiftyJSON

SPEC CHECKSUMS:
  Alamofire: 85e8a02c69d6020a0d734f6054870d7ecb75cf18
  KDCalendar: a587bc486b992d82ef94bd04001fce9baf45e518
  Locksmith: e9bebbaaa4cee3c511bc358a44f843c3fe00e21f
  SwiftyJSON: 36413e04c44ee145039d332b4f4e2d3e8d6c4db7

PODFILE CHECKSUM: a43163ce09974611d669208ec798872bb74c3639

COCOAPODS: 1.8.4
